
Microsoft Visual Studio Solution File, Format Version 12.00
# Visual Studio 15
VisualStudioVersion = 15.0.28307.421
MinimumVisualStudioVersion = 10.0.40219.1
Project("{FAE04EC0-301F-11D3-BF4B-00C04F79EFBC}") = "MVC1", "MVC1\MVC1.csproj", "{D083918D-8DD5-4DBD-BB77-9164DC81CF72}"
EndProject
Global
	GlobalSection(SolutionConfigurationPlatforms) = preSolution
		Debug|Any CPU = Debug|Any CPU
		Release|Any CPU = Release|Any CPU
	EndGlobalSection
	GlobalSection(ProjectConfigurationPlatforms) = postSolution
		{D083918D-8DD5-4DBD-BB77-9164DC81CF72}.Debug|Any CPU.ActiveCfg = Debug|Any CPU
		{D083918D-8DD5-4DBD-BB77-9164DC81CF72}.Debug|Any CPU.Build.0 = Debug|Any CPU
		{D083918D-8DD5-4DBD-BB77-9164DC81CF72}.Release|Any CPU.ActiveCfg = Release|Any CPU
		{D083918D-8DD5-4DBD-BB77-9164DC81CF72}.Release|Any CPU.Build.0 = Release|Any CPU
	EndGlobalSection
	GlobalSection(SolutionProperties) = preSolution
		HideSolutionNode = FALSE
	EndGlobalSection
	GlobalSection(ExtensibilityGlobals) = postSolution
		SolutionGuid = {90124151-A9EC-4A2E-9499-2E665463A40E}
	EndGlobalSection
EndGlobal
